// !$*UTF8*$!
{
	archiveVersion = 1;
	classes = {
	};
	objectVersion = 50;
	objects = {

/* Begin PBXBuildFile section */
		417D6D5422940C0800DEA7A6 /* AppDelegate.swift in Sources */ = {isa = PBXBuildFile; fileRef = 417D6D5322940C0800DEA7A6 /* AppDelegate.swift */; };
		417D6D5622940C0800DEA7A6 /* ViewController.swift in Sources */ = {isa = PBXBuildFile; fileRef = 417D6D5522940C0800DEA7A6 /* ViewController.swift */; };
		417D6D5922940C0800DEA7A6 /* Main.storyboard in Resources */ = {isa = PBXBuildFile; fileRef = 417D6D5722940C0800DEA7A6 /* Main.storyboard */; };
		417D6D5B22940C0E00DEA7A6 /* Assets.xcassets in Resources */ = {isa = PBXBuildFile; fileRef = 417D6D5A22940C0E00DEA7A6 /* Assets.xcassets */; };
		417D6D5E22940C0E00DEA7A6 /* LaunchScreen.storyboard in Resources */ = {isa = PBXBuildFile; fileRef = 417D6D5C22940C0E00DEA7A6 /* LaunchScreen.storyboard */; };
		417D6D6D22940D2600DEA7A6 /* Whisper.framework in Frameworks */ = {isa = PBXBuildFile; fileRef = 417D6D6C22940D2600DEA7A6 /* Whisper.framework */; };
/* End PBXBuildFile section */

/* Begin PBXFileReference section */
		417D6D5022940C0800DEA7A6 /* WhisperDemo.app */ = {isa = PBXFileReference; explicitFileType = wrapper.application; includeInIndex = 0; path = WhisperDemo.app; sourceTree = BUILT_PRODUCTS_DIR; };
		417D6D5322940C0800DEA7A6 /* AppDelegate.swift */ = {isa = PBXFileReference; lastKnownFileType = sourcecode.swift; path = AppDelegate.swift; sourceTree = "<group>"; };
		417D6D5522940C0800DEA7A6 /* ViewController.swift */ = {isa = PBXFileReference; lastKnownFileType = sourcecode.swift; path = ViewController.swift; sourceTree = "<group>"; };
		417D6D5822940C0800DEA7A6 /* Base */ = {isa = PBXFileReference; lastKnownFileType = file.storyboard; name = Base; path = Base.lproj/Main.storyboard; sourceTree = "<group>"; };
		417D6D5A22940C0E00DEA7A6 /* Assets.xcassets */ = {isa = PBXFileReference; lastKnownFileType = folder.assetcatalog; path = Assets.xcassets; sourceTree = "<group>"; };
		417D6D5D22940C0E00DEA7A6 /* Base */ = {isa = PBXFileReference; lastKnownFileType = file.storyboard; name = Base; path = Base.lproj/LaunchScreen.storyboard; sourceTree = "<group>"; };
		417D6D5F22940C0E00DEA7A6 /* Info.plist */ = {isa = PBXFileReference; lastKnownFileType = text.plist.xml; path = Info.plist; sourceTree = "<group>"; };
		417D6D6C22940D2600DEA7A6 /* Whisper.framework */ = {isa = PBXFileReference; explicitFileType = wrapper.framework; path = Whisper.framework; sourceTree = BUILT_PRODUCTS_DIR; };
/* End PBXFileReference section */

/* Begin PBXFrameworksBuildPhase section */
		417D6D4D22940C0800DEA7A6 /* Frameworks */ = {
			isa = PBXFrameworksBuildPhase;
			buildActionMask = 2147483647;
			files = (
				417D6D6D22940D2600DEA7A6 /* Whisper.framework in Frameworks */,
			);
			runOnlyForDeploymentPostprocessing = 0;
		};
/* End PBXFrameworksBuildPhase section */

/* Begin PBXGroup section */
		417D6D4722940C0800DEA7A6 = {
			isa = PBXGroup;
			children = (
				417D6D5222940C0800DEA7A6 /* WhisperDemo */,
				417D6D5122940C0800DEA7A6 /* Products */,
				417D6D6B22940D2600DEA7A6 /* Frameworks */,
			);
			sourceTree = "<group>";
		};
		417D6D5122940C0800DEA7A6 /* Products */ = {
			isa = PBXGroup;
			children = (
				417D6D5022940C0800DEA7A6 /* WhisperDemo.app */,
			);
			name = Products;
			sourceTree = "<group>";
		};
		417D6D5222940C0800DEA7A6 /* WhisperDemo */ = {
			isa = PBXGroup;
			children = (
				417D6D5322940C0800DEA7A6 /* AppDelegate.swift */,
				417D6D5522940C0800DEA7A6 /* ViewController.swift */,
				417D6D5722940C0800DEA7A6 /* Main.storyboard */,
				417D6D5A22940C0E00DEA7A6 /* Assets.xcassets */,
				417D6D5C22940C0E00DEA7A6 /* LaunchScreen.storyboard */,
				417D6D5F22940C0E00DEA7A6 /* Info.plist */,
			);
			path = WhisperDemo;
			sourceTree = "<group>";
		};
		417D6D6B22940D2600DEA7A6 /* Frameworks */ = {
			isa = PBXGroup;
			children = (
				417D6D6C22940D2600DEA7A6 /* Whisper.framework */,
			);
			name = Frameworks;
			sourceTree = "<group>";
		};
/* End PBXGroup section */

/* Begin PBXNativeTarget section */
		417D6D4F22940C0800DEA7A6 /* WhisperDemo */ = {
			isa = PBXNativeTarget;
			buildConfigurationList = 417D6D6222940C0E00DEA7A6 /* Build configuration list for PBXNativeTarget "WhisperDemo" */;
			buildPhases = (
				417D6D4C22940C0800DEA7A6 /* Sources */,
				417D6D4D22940C0800DEA7A6 /* Frameworks */,
				417D6D4E22940C0800DEA7A6 /* Resources */,
			);
			buildRules = (
			);
			dependencies = (
			);
			name = WhisperDemo;
			productName = WhisperDemo;
			productReference = 417D6D5022940C0800DEA7A6 /* WhisperDemo.app */;
			productType = "com.apple.product-type.application";
		};
/* End PBXNativeTarget section */

/* Begin PBXProject section */
		417D6D4822940C0800DEA7A6 /* Project object */ = {
			isa = PBXProject;
			attributes = {
				LastSwiftUpdateCheck = 1020;
				LastUpgradeCheck = 1020;
				ORGANIZATIONNAME = "Kien Nguyen";
				TargetAttributes = {
					417D6D4F22940C0800DEA7A6 = {
						CreatedOnToolsVersion = 10.2.1;
					};
				};
			};
			buildConfigurationList = 417D6D4B22940C0800DEA7A6 /* Build configuration list for PBXProject "WhisperDemo" */;
			compatibilityVersion = "Xcode 9.3";
			developmentRegion = en;
			hasScannedForEncodings = 0;
			knownRegions = (
				en,
				Base,
			);
			mainGroup = 417D6D4722940C0800DEA7A6;
			productRefGroup = 417D6D5122940C0800DEA7A6 /* Products */;
			projectDirPath = "";
			projectRoot = "";
			targets = (
				417D6D4F22940C0800DEA7A6 /* WhisperDemo */,
			);
		};
/* End PBXProject section */

/* Begin PBXResourcesBuildPhase section */
		417D6D4E22940C0800DEA7A6 /* Resources */ = {
			isa = PBXResourcesBuildPhase;
			buildActionMask = 2147483647;
			files = (
				417D6D5E22940C0E00DEA7A6 /* LaunchScreen.storyboard in Resources */,
				417D6D5B22940C0E00DEA7A6 /* Assets.xcassets in Resources */,
				417D6D5922940C0800DEA7A6 /* Main.storyboard in Resources */,
			);
			runOnlyForDeploymentPostprocessing = 0;
		};
/* End PBXResourcesBuildPhase section */

/* Begin PBXSourcesBuildPhase section */
		417D6D4C22940C0800DEA7A6 /* Sources */ = {
			isa = PBXSourcesBuildPhase;
			buildActionMask = 2147483647;
			files = (
				417D6D5622940C0800DEA7A6 /* ViewController.swift in Sources */,
				417D6D5422940C0800DEA7A6 /* AppDelegate.swift in Sources */,
			);
			runOnlyForDeploymentPostprocessing = 0;
		};
/* End PBXSourcesBuildPhase section */

/* Begin PBXVariantGroup section */
		417D6D5722940C0800DEA7A6 /* Main.storyboard */ = {
			isa = PBXVariantGroup;
			children = (
				417D6D5822940C0800DEA7A6 /* Base */,
			);
			name = Main.storyboard;
			sourceTree = "<group>";
		};
		417D6D5C22940C0E00DEA7A6 /* LaunchScreen.storyboard */ = {
			isa = PBXVariantGroup;
			children = (
				417D6D5D22940C0E00DEA7A6 /* Base */,
			);
			name = LaunchScreen.storyboard;
			sourceTree = "<group>";
		};
/* End PBXVariantGroup section */

/* Begin XCBuildConfiguration section */
		417D6D6022940C0E00DEA7A6 /* Debug */ = {
			isa = XCBuildConfiguration;
			buildSettings = {
				ALWAYS_SEARCH_USER_PATHS = NO;
				CLANG_ANALYZER_NONNULL = YES;
				CLANG_ANALYZER_NUMBER_OBJECT_CONVERSION = YES_AGGRESSIVE;
				CLANG_CXX_LANGUAGE_STANDARD = "gnu++14";
				CLANG_CXX_LIBRARY = "libc++";
				CLANG_ENABLE_MODULES = YES;
				CLANG_ENABLE_OBJC_ARC = YES;
				CLANG_ENABLE_OBJC_WEAK = YES;
				CLANG_WARN_BLOCK_CAPTURE_AUTORELEASING = YES;
				CLANG_WARN_BOOL_CONVERSION = YES;
				CLANG_WARN_COMMA = YES;
				CLANG_WARN_CONSTANT_CONVERSION = YES;
				CLANG_WARN_DEPRECATED_OBJC_IMPLEMENTATIONS = YES;
				CLANG_WARN_DIRECT_OBJC_ISA_USAGE = YES_ERROR;
				CLANG_WARN_DOCUMENTATION_COMMENTS = YES;
				CLANG_WARN_EMPTY_BODY = YES;
				CLANG_WARN_ENUM_CONVERSION = YES;
				CLANG_WARN_INFINITE_RECURSION = YES;
				CLANG_WARN_INT_CONVERSION = YES;
				CLANG_WARN_NON_LITERAL_NULL_CONVERSION = YES;
				CLANG_WARN_OBJC_IMPLICIT_RETAIN_SELF = YES;
				CLANG_WARN_OBJC_LITERAL_CONVERSION = YES;
				CLANG_WARN_OBJC_ROOT_CLASS = YES_ERROR;
				CLANG_WARN_RANGE_LOOP_ANALYSIS = YES;
				CLANG_WARN_STRICT_PROTOTYPES = YES;
				CLANG_WARN_SUSPICIOUS_MOVE = YES;
				CLANG_WARN_UNGUARDED_AVAILABILITY = YES_AGGRESSIVE;
				CLANG_WARN_UNREACHABLE_CODE = YES;
				CLANG_WARN__DUPLICATE_METHOD_MATCH = YES;
				CODE_SIGN_IDENTITY = "iPhone Developer";
				COPY_PHASE_STRIP = NO;
				DEBUG_INFORMATION_FORMAT = dwarf;
				ENABLE_STRICT_OBJC_MSGSEND = YES;
				ENABLE_TESTABILITY = YES;
				GCC_C_LANGUAGE_STANDARD = gnu11;
				GCC_DYNAMIC_NO_PIC = NO;
				GCC_NO_COMMON_BLOCKS = YES;
				GCC_OPTIMIZATION_LEVEL = 0;
				GCC_PREPROCESSOR_DEFINITIONS = (
					"DEBUG=1",
					"$(inherited)",
				);
				GCC_WARN_64_TO_32_BIT_CONVERSION = YES;
				GCC_WARN_ABOUT_RETURN_TYPE = YES_ERROR;
				GCC_WARN_UNDECLARED_SELECTOR = YES;
				GCC_WARN_UNINITIALIZED_AUTOS = YES_AGGRESSIVE;
				GCC_WARN_UNUSED_FUNCTION = YES;
				GCC_WARN_UNUSED_VARIABLE = YES;
				IPHONEOS_DEPLOYMENT_TARGET = 12.2;
				MTL_ENABLE_DEBUG_INFO = INCLUDE_SOURCE;
				MTL_FAST_MATH = YES;
				ONLY_ACTIVE_ARCH = YES;
				SDKROOT = iphoneos;
				SWIFT_ACTIVE_COMPILATION_CONDITIONS = DEBUG;
				SWIFT_OPTIMIZATION_LEVEL = "-Onone";
			};
			name = Debug;
		};
		417D6D6122940C0E00DEA7A6 /* Release */ = {
			isa = XCBuildConfiguration;
			buildSettings = {
				ALWAYS_SEARCH_USER_PATHS = NO;
				CLANG_ANALYZER_NONNULL = YES;
				CLANG_ANALYZER_NUMBER_OBJECT_CONVERSION = YES_AGGRESSIVE;
				CLANG_CXX_LANGUAGE_STANDARD = "gnu++14";
				CLANG_CXX_LIBRARY = "libc++";
				CLANG_ENABLE_MODULES = YES;
				CLANG_ENABLE_OBJC_ARC = YES;
				CLANG_ENABLE_OBJC_WEAK = YES;
				CLANG_WARN_BLOCK_CAPTURE_AUTORELEASING = YES;
				CLANG_WARN_BOOL_CONVERSION = YES;
				CLANG_WARN_COMMA = YES;
				CLANG_WARN_CONSTANT_CONVERSION = YES;
				CLANG_WARN_DEPRECATED_OBJC_IMPLEMENTATIONS = YES;
				CLANG_WARN_DIRECT_OBJC_ISA_USAGE = YES_ERROR;
				CLANG_WARN_DOCUMENTATION_COMMENTS = YES;
				CLANG_WARN_EMPTY_BODY = YES;
				CLANG_WARN_ENUM_CONVERSION = YES;
				CLANG_WARN_INFINITE_RECURSION = YES;
				CLANG_WARN_INT_CONVERSION = YES;
				CLANG_WARN_NON_LITERAL_NULL_CONVERSION = YES;
				CLANG_WARN_OBJC_IMPLICIT_RETAIN_SELF = YES;
				CLANG_WARN_OBJC_LITERAL_CONVERSION = YES;
				CLANG_WARN_OBJC_ROOT_CLASS = YES_ERROR;
				CLANG_WARN_RANGE_LOOP_ANALYSIS = YES;
				CLANG_WARN_STRICT_PROTOTYPES = YES;
				CLANG_WARN_SUSPICIOUS_MOVE = YES;
				CLANG_WARN_UNGUARDED_AVAILABILITY = YES_AGGRESSIVE;
				CLANG_WARN_UNREACHABLE_CODE = YES;
				CLANG_WARN__DUPLICATE_METHOD_MATCH = YES;
				CODE_SIGN_IDENTITY = "iPhone Developer";
				COPY_PHASE_STRIP = NO;
				DEBUG_INFORMATION_FORMAT = "dwarf-with-dsym";
				ENABLE_NS_ASSERTIONS = NO;
				ENABLE_STRICT_OBJC_MSGSEND = YES;
				GCC_C_LANGUAGE_STANDARD = gnu11;
				GCC_NO_COMMON_BLOCKS = YES;
				GCC_WARN_64_TO_32_BIT_CONVERSION = YES;
				GCC_WARN_ABOUT_RETURN_TYPE = YES_ERROR;
				GCC_WARN_UNDECLARED_SELECTOR = YES;
				GCC_WARN_UNINITIALIZED_AUTOS = YES_AGGRESSIVE;
				GCC_WARN_UNUSED_FUNCTION = YES;
				GCC_WARN_UNUSED_VARIABLE = YES;
				IPHONEOS_DEPLOYMENT_TARGET = 12.2;
				MTL_ENABLE_DEBUG_INFO = NO;
				MTL_FAST_MATH = YES;
				SDKROOT = iphoneos;
				SWIFT_COMPILATION_MODE = wholemodule;
				SWIFT_OPTIMIZATION_LEVEL = "-O";
				VALIDATE_PRODUCT = YES;
			};
			name = Release;
		};
		417D6D6322940C0E00DEA7A6 /* Debug */ = {
			isa = XCBuildConfiguration;
			buildSettings = {
				ASSETCATALOG_COMPILER_APPICON_NAME = AppIcon;
				CODE_SIGN_STYLE = Automatic;
				DEVELOPMENT_TEAM = 3676P8UA7G;
				INFOPLIST_FILE = WhisperDemo/Info.plist;
				LD_RUNPATH_SEARCH_PATHS = (
					"$(inherited)",
					"@executable_path/Frameworks",
				);
				PRODUCT_BUNDLE_IDENTIFIER = com.tux.WhisperDemo;
				PRODUCT_NAME = "$(TARGET_NAME)";
				SWIFT_VERSION = 5.0;
				TARGETED_DEVICE_FAMILY = "1,2";
			};
			name = Debug;
		};
		417D6D6422940C0E00DEA7A6 /* Release */ = {
			isa = XCBuildConfiguration;
			buildSettings = {
				ASSETCATALOG_COMPILER_APPICON_NAME = AppIcon;
				CODE_SIGN_STYLE = Automatic;
				DEVELOPMENT_TEAM = 3676P8UA7G;
				INFOPLIST_FILE = WhisperDemo/Info.plist;
				LD_RUNPATH_SEARCH_PATHS = (
					"$(inherited)",
					"@executable_path/Frameworks",
				);
				PRODUCT_BUNDLE_IDENTIFIER = com.tux.WhisperDemo;
				PRODUCT_NAME = "$(TARGET_NAME)";
				SWIFT_VERSION = 5.0;
				TARGETED_DEVICE_FAMILY = "1,2";
			};
			name = Release;
		};
/* End XCBuildConfiguration section */

/* Begin XCConfigurationList section */
		417D6D4B22940C0800DEA7A6 /* Build configuration list for PBXProject "WhisperDemo" */ = {
			isa = XCConfigurationList;
			buildConfigurations = (
				417D6D6022940C0E00DEA7A6 /* Debug */,
				417D6D6122940C0E00DEA7A6 /* Release */,
			);
			defaultConfigurationIsVisible = 0;
			defaultConfigurationName = Release;
		};
		417D6D6222940C0E00DEA7A6 /* Build configuration list for PBXNativeTarget "WhisperDemo" */ = {
			isa = XCConfigurationList;
			buildConfigurations = (
				417D6D6322940C0E00DEA7A6 /* Debug */,
				417D6D6422940C0E00DEA7A6 /* Release */,
			);
			defaultConfigurationIsVisible = 0;
			defaultConfigurationName = Release;
		};
/* End XCConfigurationList section */
	};
	rootObject = 417D6D4822940C0800DEA7A6 /* Project object */;
}
